
Microsoft Visual Studio Solution File, Format Version 12.00
# Visual Studio Version 16
VisualStudioVersion = 16.0.29911.98
MinimumVisualStudioVersion = 10.0.40219.1
Project("{2150E333-8FDC-42A3-9474-1A3956D46DE8}") = "Src", "Src", "{57CE4ABF-44A5-4BEE-A900-3F173A01C66C}"
EndProject
Project("{9A19103F-16F7-4668-BE54-9A1E7A4F7556}") = "OneLine", "Src\OneLine\OneLine.csproj", "{FFE57380-97E2-4799-83A0-4CD002EAEED5}"
EndProject
Project("{9A19103F-16F7-4668-BE54-9A1E7A4F7556}") = "OneLine.Server", "Src\OneLine.Server\OneLine.Server.csproj", "{95CAFD2F-3512-4100-97F0-27C6CC22E88F}"
EndProject
Project("{00D1A9C2-B5F0-4AF3-8072-F6C62B433612}") = "OneLine.SqlServer", "Src\OneLine.SqlServer\OneLine.SqlServer.sqlproj", "{3CD8A192-02B9-4225-90CE-4197AB332349}"
EndProject
Global
	GlobalSection(SolutionConfigurationPlatforms) = preSolution
		Debug|Any CPU = Debug|Any CPU
		Debug|iPhone = Debug|iPhone
		Debug|iPhoneSimulator = Debug|iPhoneSimulator
		Release|Any CPU = Release|Any CPU
		Release|iPhone = Release|iPhone
		Release|iPhoneSimulator = Release|iPhoneSimulator
	EndGlobalSection
	GlobalSection(ProjectConfigurationPlatforms) = postSolution
		{FFE57380-97E2-4799-83A0-4CD002EAEED5}.Debug|Any CPU.ActiveCfg = Debug|Any CPU
		{FFE57380-97E2-4799-83A0-4CD002EAEED5}.Debug|Any CPU.Build.0 = Debug|Any CPU
		{FFE57380-97E2-4799-83A0-4CD002EAEED5}.Debug|iPhone.ActiveCfg = Debug|Any CPU
		{FFE57380-97E2-4799-83A0-4CD002EAEED5}.Debug|iPhone.Build.0 = Debug|Any CPU
		{FFE57380-97E2-4799-83A0-4CD002EAEED5}.Debug|iPhoneSimulator.ActiveCfg = Debug|Any CPU
		{FFE57380-97E2-4799-83A0-4CD002EAEED5}.Debug|iPhoneSimulator.Build.0 = Debug|Any CPU
		{FFE57380-97E2-4799-83A0-4CD002EAEED5}.Release|Any CPU.ActiveCfg = Release|Any CPU
		{FFE57380-97E2-4799-83A0-4CD002EAEED5}.Release|Any CPU.Build.0 = Release|Any CPU
		{FFE57380-97E2-4799-83A0-4CD002EAEED5}.Release|iPhone.ActiveCfg = Release|Any CPU
		{FFE57380-97E2-4799-83A0-4CD002EAEED5}.Release|iPhone.Build.0 = Release|Any CPU
		{FFE57380-97E2-4799-83A0-4CD002EAEED5}.Release|iPhoneSimulator.ActiveCfg = Release|Any CPU
		{FFE57380-97E2-4799-83A0-4CD002EAEED5}.Release|iPhoneSimulator.Build.0 = Release|Any CPU
		{95CAFD2F-3512-4100-97F0-27C6CC22E88F}.Debug|Any CPU.ActiveCfg = Debug|Any CPU
		{95CAFD2F-3512-4100-97F0-27C6CC22E88F}.Debug|Any CPU.Build.0 = Debug|Any CPU
		{95CAFD2F-3512-4100-97F0-27C6CC22E88F}.Debug|iPhone.ActiveCfg = Debug|Any CPU
		{95CAFD2F-3512-4100-97F0-27C6CC22E88F}.Debug|iPhone.Build.0 = Debug|Any CPU
		{95CAFD2F-3512-4100-97F0-27C6CC22E88F}.Debug|iPhoneSimulator.ActiveCfg = Debug|Any CPU
		{95CAFD2F-3512-4100-97F0-27C6CC22E88F}.Debug|iPhoneSimulator.Build.0 = Debug|Any CPU
		{95CAFD2F-3512-4100-97F0-27C6CC22E88F}.Release|Any CPU.ActiveCfg = Release|Any CPU
		{95CAFD2F-3512-4100-97F0-27C6CC22E88F}.Release|Any CPU.Build.0 = Release|Any CPU
		{95CAFD2F-3512-4100-97F0-27C6CC22E88F}.Release|iPhone.ActiveCfg = Release|Any CPU
		{95CAFD2F-3512-4100-97F0-27C6CC22E88F}.Release|iPhone.Build.0 = Release|Any CPU
		{95CAFD2F-3512-4100-97F0-27C6CC22E88F}.Release|iPhoneSimulator.ActiveCfg = Release|Any CPU
		{95CAFD2F-3512-4100-97F0-27C6CC22E88F}.Release|iPhoneSimulator.Build.0 = Release|Any CPU
		{3CD8A192-02B9-4225-90CE-4197AB332349}.Debug|Any CPU.ActiveCfg = Debug|Any CPU
		{3CD8A192-02B9-4225-90CE-4197AB332349}.Debug|Any CPU.Build.0 = Debug|Any CPU
		{3CD8A192-02B9-4225-90CE-4197AB332349}.Debug|Any CPU.Deploy.0 = Debug|Any CPU
		{3CD8A192-02B9-4225-90CE-4197AB332349}.Debug|iPhone.ActiveCfg = Debug|Any CPU
		{3CD8A192-02B9-4225-90CE-4197AB332349}.Debug|iPhone.Build.0 = Debug|Any CPU
		{3CD8A192-02B9-4225-90CE-4197AB332349}.Debug|iPhone.Deploy.0 = Debug|Any CPU
		{3CD8A192-02B9-4225-90CE-4197AB332349}.Debug|iPhoneSimulator.ActiveCfg = Debug|Any CPU
		{3CD8A192-02B9-4225-90CE-4197AB332349}.Debug|iPhoneSimulator.Build.0 = Debug|Any CPU
		{3CD8A192-02B9-4225-90CE-4197AB332349}.Debug|iPhoneSimulator.Deploy.0 = Debug|Any CPU
		{3CD8A192-02B9-4225-90CE-4197AB332349}.Release|Any CPU.ActiveCfg = Release|Any CPU
		{3CD8A192-02B9-4225-90CE-4197AB332349}.Release|Any CPU.Build.0 = Release|Any CPU
		{3CD8A192-02B9-4225-90CE-4197AB332349}.Release|Any CPU.Deploy.0 = Release|Any CPU
		{3CD8A192-02B9-4225-90CE-4197AB332349}.Release|iPhone.ActiveCfg = Release|Any CPU
		{3CD8A192-02B9-4225-90CE-4197AB332349}.Release|iPhone.Build.0 = Release|Any CPU
		{3CD8A192-02B9-4225-90CE-4197AB332349}.Release|iPhone.Deploy.0 = Release|Any CPU
		{3CD8A192-02B9-4225-90CE-4197AB332349}.Release|iPhoneSimulator.ActiveCfg = Release|Any CPU
		{3CD8A192-02B9-4225-90CE-4197AB332349}.Release|iPhoneSimulator.Build.0 = Release|Any CPU
		{3CD8A192-02B9-4225-90CE-4197AB332349}.Release|iPhoneSimulator.Deploy.0 = Release|Any CPU
	EndGlobalSection
	GlobalSection(SolutionProperties) = preSolution
		HideSolutionNode = FALSE
	EndGlobalSection
	GlobalSection(NestedProjects) = preSolution
		{FFE57380-97E2-4799-83A0-4CD002EAEED5} = {57CE4ABF-44A5-4BEE-A900-3F173A01C66C}
		{95CAFD2F-3512-4100-97F0-27C6CC22E88F} = {57CE4ABF-44A5-4BEE-A900-3F173A01C66C}
		{3CD8A192-02B9-4225-90CE-4197AB332349} = {57CE4ABF-44A5-4BEE-A900-3F173A01C66C}
	EndGlobalSection
	GlobalSection(ExtensibilityGlobals) = postSolution
		SolutionGuid = {31771D0A-435A-4C14-96DD-F0D8A7BC4148}
	EndGlobalSection
EndGlobal
