
Microsoft Visual Studio Solution File, Format Version 12.00
# Visual Studio Version 16
VisualStudioVersion = 16.0.29911.98
MinimumVisualStudioVersion = 10.0.40219.1
Project("{FAE04EC0-301F-11D3-BF4B-00C04F79EFBC}") = "OneLine", "OneLine\OneLine.csproj", "{7EA700C0-E054-42B2-9C9B-F534C3E198DE}"
EndProject
Project("{FAE04EC0-301F-11D3-BF4B-00C04F79EFBC}") = "OneLine.Common", "OneLine.Common\OneLine.Common.csproj", "{713ACE6A-2843-43D8-B143-B135C083DD06}"
EndProject
Project("{2150E333-8FDC-42A3-9474-1A3956D46DE8}") = "SqlScripts", "SqlScripts", "{A09E3E2D-8BBB-4CB6-9B54-9F4B797C7D05}"
EndProject
Project("{2150E333-8FDC-42A3-9474-1A3956D46DE8}") = "SqlServer", "SqlServer", "{1EA007EA-B9A3-4E44-8AC6-0C6E170F0E2F}"
	ProjectSection(SolutionItems) = preProject
		SqlScripts\SqlServer\AspNetIdentityTables.sql = SqlScripts\SqlServer\AspNetIdentityTables.sql
		SqlScripts\SqlServer\AuditTrails.sql = SqlScripts\SqlServer\AuditTrails.sql
		SqlScripts\SqlServer\ExceptionLogs.sql = SqlScripts\SqlServer\ExceptionLogs.sql
		SqlScripts\SqlServer\UserBlobs.sql = SqlScripts\SqlServer\UserBlobs.sql
	EndProjectSection
EndProject
Global
	GlobalSection(SolutionConfigurationPlatforms) = preSolution
		Debug|Any CPU = Debug|Any CPU
		Release|Any CPU = Release|Any CPU
	EndGlobalSection
	GlobalSection(ProjectConfigurationPlatforms) = postSolution
		{7EA700C0-E054-42B2-9C9B-F534C3E198DE}.Debug|Any CPU.ActiveCfg = Debug|Any CPU
		{7EA700C0-E054-42B2-9C9B-F534C3E198DE}.Debug|Any CPU.Build.0 = Debug|Any CPU
		{7EA700C0-E054-42B2-9C9B-F534C3E198DE}.Release|Any CPU.ActiveCfg = Release|Any CPU
		{7EA700C0-E054-42B2-9C9B-F534C3E198DE}.Release|Any CPU.Build.0 = Release|Any CPU
		{713ACE6A-2843-43D8-B143-B135C083DD06}.Debug|Any CPU.ActiveCfg = Debug|Any CPU
		{713ACE6A-2843-43D8-B143-B135C083DD06}.Debug|Any CPU.Build.0 = Debug|Any CPU
		{713ACE6A-2843-43D8-B143-B135C083DD06}.Release|Any CPU.ActiveCfg = Release|Any CPU
		{713ACE6A-2843-43D8-B143-B135C083DD06}.Release|Any CPU.Build.0 = Release|Any CPU
	EndGlobalSection
	GlobalSection(SolutionProperties) = preSolution
		HideSolutionNode = FALSE
	EndGlobalSection
	GlobalSection(NestedProjects) = preSolution
		{1EA007EA-B9A3-4E44-8AC6-0C6E170F0E2F} = {A09E3E2D-8BBB-4CB6-9B54-9F4B797C7D05}
	EndGlobalSection
	GlobalSection(ExtensibilityGlobals) = postSolution
		SolutionGuid = {31771D0A-435A-4C14-96DD-F0D8A7BC4148}
	EndGlobalSection
EndGlobal
