Microsoft Visual Studio Solution File, Format Version 12.00
# Visual Studio Version 16
VisualStudioVersion = 16.0.0.0
MinimumVisualStudioVersion = 16.0.0.0
Project("{9A19103F-16F7-4668-BE54-9A1E7A4F7556}") = "OneLineHybrid", "OneLineHybrid\OneLineHybrid.csproj", "{B9763943-31F7-4126-B53E-5DA38C54BEEB}"
EndProject
Project("{FAE04EC0-301F-11D3-BF4B-00C04F79EFBC}") = "OneLineHybrid.Android", "OneLineHybrid.Android\OneLineHybrid.Android.csproj", "{CB425A37-6BF3-4070-ADAD-4FD1FEBBF38B}"
EndProject
Project("{FAE04EC0-301F-11D3-BF4B-00C04F79EFBC}") = "OneLineHybrid.iOS", "OneLineHybrid.iOS\OneLineHybrid.iOS.csproj", "{95DE473B-8BD7-4CD0-ADE1-22AAAB4B9946}"
EndProject
Project("{FAE04EC0-301F-11D3-BF4B-00C04F79EFBC}") = "OneLineHybrid.Windows", "OneLineHybrid.Windows\OneLineHybrid.Windows.csproj", "{A7545EC9-5008-4322-BA8B-62462A33C31D}"
EndProject
Project("{FAE04EC0-301F-11D3-BF4B-00C04F79EFBC}") = "OneLineHybrid.macOS", "OneLineHybrid.macOS\OneLineHybrid.macOS.csproj", "{87EEF9F7-BEC6-440F-A026-99C4DAE46682}"
EndProject
Global
	GlobalSection(SolutionConfigurationPlatforms) = preSolution
		Debug|Any CPU = Debug|Any CPU
		Debug|iPhone = Debug|iPhone
		Debug|iPhoneSimulator = Debug|iPhoneSimulator
		Debug|x64 = Debug|x64
		Debug|x86 = Debug|x86
		Release|Any CPU = Release|Any CPU
		Release|iPhone = Release|iPhone
		Release|iPhoneSimulator = Release|iPhoneSimulator
		Release|x64 = Release|x64
		Release|x86 = Release|x86
	EndGlobalSection
	GlobalSection(ProjectConfigurationPlatforms) = postSolution
		{CB425A37-6BF3-4070-ADAD-4FD1FEBBF38B}.Debug|Any CPU.ActiveCfg = Debug|Any CPU
		{CB425A37-6BF3-4070-ADAD-4FD1FEBBF38B}.Debug|Any CPU.Build.0 = Debug|Any CPU
		{CB425A37-6BF3-4070-ADAD-4FD1FEBBF38B}.Debug|Any CPU.Deploy.0 = Debug|Any CPU
		{CB425A37-6BF3-4070-ADAD-4FD1FEBBF38B}.Debug|iPhone.ActiveCfg = Debug|Any CPU
		{CB425A37-6BF3-4070-ADAD-4FD1FEBBF38B}.Debug|iPhone.Build.0 = Debug|Any CPU
		{CB425A37-6BF3-4070-ADAD-4FD1FEBBF38B}.Debug|iPhone.Deploy.0 = Debug|Any CPU
		{CB425A37-6BF3-4070-ADAD-4FD1FEBBF38B}.Debug|iPhoneSimulator.ActiveCfg = Debug|Any CPU
		{CB425A37-6BF3-4070-ADAD-4FD1FEBBF38B}.Debug|iPhoneSimulator.Build.0 = Debug|Any CPU
		{CB425A37-6BF3-4070-ADAD-4FD1FEBBF38B}.Debug|iPhoneSimulator.Deploy.0 = Debug|Any CPU
		{CB425A37-6BF3-4070-ADAD-4FD1FEBBF38B}.Debug|x64.ActiveCfg = Debug|Any CPU
		{CB425A37-6BF3-4070-ADAD-4FD1FEBBF38B}.Debug|x64.Build.0 = Debug|Any CPU
		{CB425A37-6BF3-4070-ADAD-4FD1FEBBF38B}.Debug|x64.Deploy.0 = Debug|Any CPU
		{CB425A37-6BF3-4070-ADAD-4FD1FEBBF38B}.Debug|x86.ActiveCfg = Debug|Any CPU
		{CB425A37-6BF3-4070-ADAD-4FD1FEBBF38B}.Debug|x86.Build.0 = Debug|Any CPU
		{CB425A37-6BF3-4070-ADAD-4FD1FEBBF38B}.Debug|x86.Deploy.0 = Debug|Any CPU
		{CB425A37-6BF3-4070-ADAD-4FD1FEBBF38B}.Release|Any CPU.ActiveCfg = Release|Any CPU
		{CB425A37-6BF3-4070-ADAD-4FD1FEBBF38B}.Release|Any CPU.Build.0 = Release|Any CPU
		{CB425A37-6BF3-4070-ADAD-4FD1FEBBF38B}.Release|Any CPU.Deploy.0 = Release|Any CPU
		{CB425A37-6BF3-4070-ADAD-4FD1FEBBF38B}.Release|iPhone.ActiveCfg = Release|Any CPU
		{CB425A37-6BF3-4070-ADAD-4FD1FEBBF38B}.Release|iPhone.Build.0 = Release|Any CPU
		{CB425A37-6BF3-4070-ADAD-4FD1FEBBF38B}.Release|iPhone.Deploy.0 = Release|Any CPU
		{CB425A37-6BF3-4070-ADAD-4FD1FEBBF38B}.Release|iPhoneSimulator.ActiveCfg = Release|Any CPU
		{CB425A37-6BF3-4070-ADAD-4FD1FEBBF38B}.Release|iPhoneSimulator.Build.0 = Release|Any CPU
		{CB425A37-6BF3-4070-ADAD-4FD1FEBBF38B}.Release|iPhoneSimulator.Deploy.0 = Release|Any CPU
		{CB425A37-6BF3-4070-ADAD-4FD1FEBBF38B}.Release|x64.ActiveCfg = Release|Any CPU
		{CB425A37-6BF3-4070-ADAD-4FD1FEBBF38B}.Release|x64.Build.0 = Release|Any CPU
		{CB425A37-6BF3-4070-ADAD-4FD1FEBBF38B}.Release|x64.Deploy.0 = Release|Any CPU
		{CB425A37-6BF3-4070-ADAD-4FD1FEBBF38B}.Release|x86.ActiveCfg = Release|Any CPU
		{CB425A37-6BF3-4070-ADAD-4FD1FEBBF38B}.Release|x86.Build.0 = Release|Any CPU
		{CB425A37-6BF3-4070-ADAD-4FD1FEBBF38B}.Release|x86.Deploy.0 = Release|Any CPU
		{B9763943-31F7-4126-B53E-5DA38C54BEEB}.Debug|Any CPU.ActiveCfg = Debug|Any CPU
		{B9763943-31F7-4126-B53E-5DA38C54BEEB}.Debug|Any CPU.Build.0 = Debug|Any CPU
		{B9763943-31F7-4126-B53E-5DA38C54BEEB}.Debug|iPhone.ActiveCfg = Debug|Any CPU
		{B9763943-31F7-4126-B53E-5DA38C54BEEB}.Debug|iPhone.Build.0 = Debug|Any CPU
		{B9763943-31F7-4126-B53E-5DA38C54BEEB}.Debug|iPhoneSimulator.ActiveCfg = Debug|Any CPU
		{B9763943-31F7-4126-B53E-5DA38C54BEEB}.Debug|iPhoneSimulator.Build.0 = Debug|Any CPU
		{B9763943-31F7-4126-B53E-5DA38C54BEEB}.Debug|x64.ActiveCfg = Debug|Any CPU
		{B9763943-31F7-4126-B53E-5DA38C54BEEB}.Debug|x64.Build.0 = Debug|Any CPU
		{B9763943-31F7-4126-B53E-5DA38C54BEEB}.Debug|x86.ActiveCfg = Debug|Any CPU
		{B9763943-31F7-4126-B53E-5DA38C54BEEB}.Debug|x86.Build.0 = Debug|Any CPU
		{B9763943-31F7-4126-B53E-5DA38C54BEEB}.Release|Any CPU.ActiveCfg = Release|Any CPU
		{B9763943-31F7-4126-B53E-5DA38C54BEEB}.Release|Any CPU.Build.0 = Release|Any CPU
		{B9763943-31F7-4126-B53E-5DA38C54BEEB}.Release|iPhone.ActiveCfg = Release|Any CPU
		{B9763943-31F7-4126-B53E-5DA38C54BEEB}.Release|iPhone.Build.0 = Release|Any CPU
		{B9763943-31F7-4126-B53E-5DA38C54BEEB}.Release|iPhoneSimulator.ActiveCfg = Release|Any CPU
		{B9763943-31F7-4126-B53E-5DA38C54BEEB}.Release|iPhoneSimulator.Build.0 = Release|Any CPU
		{B9763943-31F7-4126-B53E-5DA38C54BEEB}.Release|x64.ActiveCfg = Release|Any CPU
		{B9763943-31F7-4126-B53E-5DA38C54BEEB}.Release|x64.Build.0 = Release|Any CPU
		{B9763943-31F7-4126-B53E-5DA38C54BEEB}.Release|x86.ActiveCfg = Release|Any CPU
		{B9763943-31F7-4126-B53E-5DA38C54BEEB}.Release|x86.Build.0 = Release|Any CPU
		{95DE473B-8BD7-4CD0-ADE1-22AAAB4B9946}.Debug|Any CPU.ActiveCfg = Debug|iPhone
		{95DE473B-8BD7-4CD0-ADE1-22AAAB4B9946}.Debug|iPhone.ActiveCfg = Debug|iPhone
		{95DE473B-8BD7-4CD0-ADE1-22AAAB4B9946}.Debug|iPhone.Build.0 = Debug|iPhone
		{95DE473B-8BD7-4CD0-ADE1-22AAAB4B9946}.Debug|iPhoneSimulator.ActiveCfg = Debug|iPhoneSimulator
		{95DE473B-8BD7-4CD0-ADE1-22AAAB4B9946}.Debug|iPhoneSimulator.Build.0 = Debug|iPhoneSimulator
		{95DE473B-8BD7-4CD0-ADE1-22AAAB4B9946}.Debug|x64.ActiveCfg = Debug|iPhone
		{95DE473B-8BD7-4CD0-ADE1-22AAAB4B9946}.Debug|x86.ActiveCfg = Debug|iPhone
		{95DE473B-8BD7-4CD0-ADE1-22AAAB4B9946}.Release|Any CPU.ActiveCfg = Release|iPhone
		{95DE473B-8BD7-4CD0-ADE1-22AAAB4B9946}.Release|iPhone.ActiveCfg = Release|iPhone
		{95DE473B-8BD7-4CD0-ADE1-22AAAB4B9946}.Release|iPhone.Build.0 = Release|iPhone
		{95DE473B-8BD7-4CD0-ADE1-22AAAB4B9946}.Release|iPhoneSimulator.ActiveCfg = Release|iPhoneSimulator
		{95DE473B-8BD7-4CD0-ADE1-22AAAB4B9946}.Release|iPhoneSimulator.Build.0 = Release|iPhoneSimulator
		{95DE473B-8BD7-4CD0-ADE1-22AAAB4B9946}.Release|x64.ActiveCfg = Release|iPhone
		{95DE473B-8BD7-4CD0-ADE1-22AAAB4B9946}.Release|x86.ActiveCfg = Release|iPhone
		{A7545EC9-5008-4322-BA8B-62462A33C31D}.Debug|Any CPU.ActiveCfg = Debug|Any CPU
		{A7545EC9-5008-4322-BA8B-62462A33C31D}.Debug|Any CPU.Build.0 = Debug|Any CPU
		{A7545EC9-5008-4322-BA8B-62462A33C31D}.Debug|iPhone.ActiveCfg = Debug|Any CPU
		{A7545EC9-5008-4322-BA8B-62462A33C31D}.Debug|iPhone.Build.0 = Debug|Any CPU
		{A7545EC9-5008-4322-BA8B-62462A33C31D}.Debug|iPhoneSimulator.ActiveCfg = Debug|Any CPU
		{A7545EC9-5008-4322-BA8B-62462A33C31D}.Debug|iPhoneSimulator.Build.0 = Debug|Any CPU
		{A7545EC9-5008-4322-BA8B-62462A33C31D}.Release|Any CPU.ActiveCfg = Release|Any CPU
		{A7545EC9-5008-4322-BA8B-62462A33C31D}.Release|Any CPU.Build.0 = Release|Any CPU
		{A7545EC9-5008-4322-BA8B-62462A33C31D}.Release|iPhone.ActiveCfg = Release|Any CPU
		{A7545EC9-5008-4322-BA8B-62462A33C31D}.Release|iPhone.Build.0 = Release|Any CPU
		{A7545EC9-5008-4322-BA8B-62462A33C31D}.Release|iPhoneSimulator.ActiveCfg = Release|Any CPU
		{A7545EC9-5008-4322-BA8B-62462A33C31D}.Release|iPhoneSimulator.Build.0 = Release|Any CPU
		{87EEF9F7-BEC6-440F-A026-99C4DAE46682}.Debug|Any CPU.ActiveCfg = Debug|Any CPU
		{87EEF9F7-BEC6-440F-A026-99C4DAE46682}.Debug|Any CPU.Build.0 = Debug|Any CPU
		{87EEF9F7-BEC6-440F-A026-99C4DAE46682}.Debug|iPhone.ActiveCfg = Debug|Any CPU
		{87EEF9F7-BEC6-440F-A026-99C4DAE46682}.Debug|iPhone.Build.0 = Debug|Any CPU
		{87EEF9F7-BEC6-440F-A026-99C4DAE46682}.Debug|iPhoneSimulator.ActiveCfg = Debug|Any CPU
		{87EEF9F7-BEC6-440F-A026-99C4DAE46682}.Debug|iPhoneSimulator.Build.0 = Debug|Any CPU
		{87EEF9F7-BEC6-440F-A026-99C4DAE46682}.Release|Any CPU.ActiveCfg = Release|Any CPU
		{87EEF9F7-BEC6-440F-A026-99C4DAE46682}.Release|Any CPU.Build.0 = Release|Any CPU
		{87EEF9F7-BEC6-440F-A026-99C4DAE46682}.Release|iPhone.ActiveCfg = Release|Any CPU
		{87EEF9F7-BEC6-440F-A026-99C4DAE46682}.Release|iPhone.Build.0 = Release|Any CPU
		{87EEF9F7-BEC6-440F-A026-99C4DAE46682}.Release|iPhoneSimulator.ActiveCfg = Release|Any CPU
		{87EEF9F7-BEC6-440F-A026-99C4DAE46682}.Release|iPhoneSimulator.Build.0 = Release|Any CPU
	EndGlobalSection
	GlobalSection(SolutionProperties) = preSolution
		HideSolutionNode = FALSE
	EndGlobalSection
	GlobalSection(ExtensibilityGlobals) = postSolution
		SolutionGuid = {15CEC49E-4F01-45FB-AE83-76E97B168A60}
	EndGlobalSection
EndGlobal
